// !$*UTF8*$!
{
	archiveVersion = 1;
	classes = {
	};
	objectVersion = 50;
	objects = {

/* Begin PBXBuildFile section */
		15B664E927759E02006AE563 /* AppDelegate.swift in Sources */ = {isa = PBXBuildFile; fileRef = 15B664E827759E02006AE563 /* AppDelegate.swift */; };
		15B664EB27759E02006AE563 /* SceneDelegate.swift in Sources */ = {isa = PBXBuildFile; fileRef = 15B664EA27759E02006AE563 /* SceneDelegate.swift */; };
		15B664ED27759E02006AE563 /* StartViewController.swift in Sources */ = {isa = PBXBuildFile; fileRef = 15B664EC27759E02006AE563 /* StartViewController.swift */; };
		15B664F027759E02006AE563 /* Main.storyboard in Resources */ = {isa = PBXBuildFile; fileRef = 15B664EE27759E02006AE563 /* Main.storyboard */; };
		15B664F327759E02006AE563 /* test.xcdatamodeld in Sources */ = {isa = PBXBuildFile; fileRef = 15B664F127759E02006AE563 /* test.xcdatamodeld */; };
		15B664F527759E04006AE563 /* Assets.xcassets in Resources */ = {isa = PBXBuildFile; fileRef = 15B664F427759E04006AE563 /* Assets.xcassets */; };
		15B664F827759E04006AE563 /* LaunchScreen.storyboard in Resources */ = {isa = PBXBuildFile; fileRef = 15B664F627759E04006AE563 /* LaunchScreen.storyboard */; };
		15B6650227761874006AE563 /* BookListTableViewController.swift in Sources */ = {isa = PBXBuildFile; fileRef = 15B6650127761874006AE563 /* BookListTableViewController.swift */; };
		15B6650527761F66006AE563 /* BookModel.swift in Sources */ = {isa = PBXBuildFile; fileRef = 15B6650427761F66006AE563 /* BookModel.swift */; };
		15B6650727762A30006AE563 /* AddBook.swift in Sources */ = {isa = PBXBuildFile; fileRef = 15B6650627762A30006AE563 /* AddBook.swift */; };
		15B6650A2779AD02006AE563 /* BookTableViewCell.swift in Sources */ = {isa = PBXBuildFile; fileRef = 15B665092779AD02006AE563 /* BookTableViewCell.swift */; };
		15B6650C2779F892006AE563 /* EditBook.swift in Sources */ = {isa = PBXBuildFile; fileRef = 15B6650B2779F892006AE563 /* EditBook.swift */; };
/* End PBXBuildFile section */

/* Begin PBXFileReference section */
		15B664E527759E02006AE563 /* test.app */ = {isa = PBXFileReference; explicitFileType = wrapper.application; includeInIndex = 0; path = test.app; sourceTree = BUILT_PRODUCTS_DIR; };
		15B664E827759E02006AE563 /* AppDelegate.swift */ = {isa = PBXFileReference; lastKnownFileType = sourcecode.swift; path = AppDelegate.swift; sourceTree = "<group>"; };
		15B664EA27759E02006AE563 /* SceneDelegate.swift */ = {isa = PBXFileReference; lastKnownFileType = sourcecode.swift; path = SceneDelegate.swift; sourceTree = "<group>"; };
		15B664EC27759E02006AE563 /* StartViewController.swift */ = {isa = PBXFileReference; lastKnownFileType = sourcecode.swift; path = StartViewController.swift; sourceTree = "<group>"; };
		15B664EF27759E02006AE563 /* Base */ = {isa = PBXFileReference; lastKnownFileType = file.storyboard; name = Base; path = Base.lproj/Main.storyboard; sourceTree = "<group>"; };
		15B664F227759E02006AE563 /* test.xcdatamodel */ = {isa = PBXFileReference; lastKnownFileType = wrapper.xcdatamodel; path = test.xcdatamodel; sourceTree = "<group>"; };
		15B664F427759E04006AE563 /* Assets.xcassets */ = {isa = PBXFileReference; lastKnownFileType = folder.assetcatalog; path = Assets.xcassets; sourceTree = "<group>"; };
		15B664F727759E04006AE563 /* Base */ = {isa = PBXFileReference; lastKnownFileType = file.storyboard; name = Base; path = Base.lproj/LaunchScreen.storyboard; sourceTree = "<group>"; };
		15B664F927759E04006AE563 /* Info.plist */ = {isa = PBXFileReference; lastKnownFileType = text.plist.xml; path = Info.plist; sourceTree = "<group>"; };
		15B6650127761874006AE563 /* BookListTableViewController.swift */ = {isa = PBXFileReference; lastKnownFileType = sourcecode.swift; path = BookListTableViewController.swift; sourceTree = "<group>"; };
		15B6650427761F66006AE563 /* BookModel.swift */ = {isa = PBXFileReference; lastKnownFileType = sourcecode.swift; path = BookModel.swift; sourceTree = "<group>"; };
		15B6650627762A30006AE563 /* AddBook.swift */ = {isa = PBXFileReference; lastKnownFileType = sourcecode.swift; path = AddBook.swift; sourceTree = "<group>"; };
		15B665092779AD02006AE563 /* BookTableViewCell.swift */ = {isa = PBXFileReference; lastKnownFileType = sourcecode.swift; path = BookTableViewCell.swift; sourceTree = "<group>"; };
		15B6650B2779F892006AE563 /* EditBook.swift */ = {isa = PBXFileReference; lastKnownFileType = sourcecode.swift; path = EditBook.swift; sourceTree = "<group>"; };
/* End PBXFileReference section */

/* Begin PBXFrameworksBuildPhase section */
		15B664E227759E02006AE563 /* Frameworks */ = {
			isa = PBXFrameworksBuildPhase;
			buildActionMask = 2147483647;
			files = (
			);
			runOnlyForDeploymentPostprocessing = 0;
		};
/* End PBXFrameworksBuildPhase section */

/* Begin PBXGroup section */
		15B664DC27759E02006AE563 = {
			isa = PBXGroup;
			children = (
				15B664E727759E02006AE563 /* test */,
				15B664E627759E02006AE563 /* Products */,
			);
			sourceTree = "<group>";
		};
		15B664E627759E02006AE563 /* Products */ = {
			isa = PBXGroup;
			children = (
				15B664E527759E02006AE563 /* test.app */,
			);
			name = Products;
			sourceTree = "<group>";
		};
		15B664E727759E02006AE563 /* test */ = {
			isa = PBXGroup;
			children = (
				15B665082779ACC6006AE563 /* ViewControllers */,
				15B6650327761F45006AE563 /* Model */,
				15B664E827759E02006AE563 /* AppDelegate.swift */,
				15B664EA27759E02006AE563 /* SceneDelegate.swift */,
				15B664EE27759E02006AE563 /* Main.storyboard */,
				15B664F427759E04006AE563 /* Assets.xcassets */,
				15B664F627759E04006AE563 /* LaunchScreen.storyboard */,
				15B664F927759E04006AE563 /* Info.plist */,
				15B664F127759E02006AE563 /* test.xcdatamodeld */,
			);
			path = test;
			sourceTree = "<group>";
		};
		15B6650327761F45006AE563 /* Model */ = {
			isa = PBXGroup;
			children = (
				15B6650427761F66006AE563 /* BookModel.swift */,
				15B665092779AD02006AE563 /* BookTableViewCell.swift */,
			);
			path = Model;
			sourceTree = "<group>";
		};
		15B665082779ACC6006AE563 /* ViewControllers */ = {
			isa = PBXGroup;
			children = (
				15B664EC27759E02006AE563 /* StartViewController.swift */,
				15B6650127761874006AE563 /* BookListTableViewController.swift */,
				15B6650627762A30006AE563 /* AddBook.swift */,
				15B6650B2779F892006AE563 /* EditBook.swift */,
			);
			path = ViewControllers;
			sourceTree = "<group>";
		};
/* End PBXGroup section */

/* Begin PBXNativeTarget section */
		15B664E427759E02006AE563 /* test */ = {
			isa = PBXNativeTarget;
			buildConfigurationList = 15B664FC27759E04006AE563 /* Build configuration list for PBXNativeTarget "test" */;
			buildPhases = (
				15B664E127759E02006AE563 /* Sources */,
				15B664E227759E02006AE563 /* Frameworks */,
				15B664E327759E02006AE563 /* Resources */,
			);
			buildRules = (
			);
			dependencies = (
			);
			name = test;
			productName = test;
			productReference = 15B664E527759E02006AE563 /* test.app */;
			productType = "com.apple.product-type.application";
		};
/* End PBXNativeTarget section */

/* Begin PBXProject section */
		15B664DD27759E02006AE563 /* Project object */ = {
			isa = PBXProject;
			attributes = {
				LastSwiftUpdateCheck = 1250;
				LastUpgradeCheck = 1250;
				TargetAttributes = {
					15B664E427759E02006AE563 = {
						CreatedOnToolsVersion = 12.5.1;
					};
				};
			};
			buildConfigurationList = 15B664E027759E02006AE563 /* Build configuration list for PBXProject "test" */;
			compatibilityVersion = "Xcode 9.3";
			developmentRegion = en;
			hasScannedForEncodings = 0;
			knownRegions = (
				en,
				Base,
			);
			mainGroup = 15B664DC27759E02006AE563;
			productRefGroup = 15B664E627759E02006AE563 /* Products */;
			projectDirPath = "";
			projectRoot = "";
			targets = (
				15B664E427759E02006AE563 /* test */,
			);
		};
/* End PBXProject section */

/* Begin PBXResourcesBuildPhase section */
		15B664E327759E02006AE563 /* Resources */ = {
			isa = PBXResourcesBuildPhase;
			buildActionMask = 2147483647;
			files = (
				15B664F827759E04006AE563 /* LaunchScreen.storyboard in Resources */,
				15B664F527759E04006AE563 /* Assets.xcassets in Resources */,
				15B664F027759E02006AE563 /* Main.storyboard in Resources */,
			);
			runOnlyForDeploymentPostprocessing = 0;
		};
/* End PBXResourcesBuildPhase section */

/* Begin PBXSourcesBuildPhase section */
		15B664E127759E02006AE563 /* Sources */ = {
			isa = PBXSourcesBuildPhase;
			buildActionMask = 2147483647;
			files = (
				15B6650A2779AD02006AE563 /* BookTableViewCell.swift in Sources */,
				15B6650527761F66006AE563 /* BookModel.swift in Sources */,
				15B664ED27759E02006AE563 /* StartViewController.swift in Sources */,
				15B6650727762A30006AE563 /* AddBook.swift in Sources */,
				15B664F327759E02006AE563 /* test.xcdatamodeld in Sources */,
				15B6650227761874006AE563 /* BookListTableViewController.swift in Sources */,
				15B664E927759E02006AE563 /* AppDelegate.swift in Sources */,
				15B664EB27759E02006AE563 /* SceneDelegate.swift in Sources */,
				15B6650C2779F892006AE563 /* EditBook.swift in Sources */,
			);
			runOnlyForDeploymentPostprocessing = 0;
		};
/* End PBXSourcesBuildPhase section */

/* Begin PBXVariantGroup section */
		15B664EE27759E02006AE563 /* Main.storyboard */ = {
			isa = PBXVariantGroup;
			children = (
				15B664EF27759E02006AE563 /* Base */,
			);
			name = Main.storyboard;
			sourceTree = "<group>";
		};
		15B664F627759E04006AE563 /* LaunchScreen.storyboard */ = {
			isa = PBXVariantGroup;
			children = (
				15B664F727759E04006AE563 /* Base */,
			);
			name = LaunchScreen.storyboard;
			sourceTree = "<group>";
		};
/* End PBXVariantGroup section */

/* Begin XCBuildConfiguration section */
		15B664FA27759E04006AE563 /* Debug */ = {
			isa = XCBuildConfiguration;
			buildSettings = {
				ALWAYS_SEARCH_USER_PATHS = NO;
				CLANG_ANALYZER_NONNULL = YES;
				CLANG_ANALYZER_NUMBER_OBJECT_CONVERSION = YES_AGGRESSIVE;
				CLANG_CXX_LANGUAGE_STANDARD = "gnu++14";
				CLANG_CXX_LIBRARY = "libc++";
				CLANG_ENABLE_MODULES = YES;
				CLANG_ENABLE_OBJC_ARC = YES;
				CLANG_ENABLE_OBJC_WEAK = YES;
				CLANG_WARN_BLOCK_CAPTURE_AUTORELEASING = YES;
				CLANG_WARN_BOOL_CONVERSION = YES;
				CLANG_WARN_COMMA = YES;
				CLANG_WARN_CONSTANT_CONVERSION = YES;
				CLANG_WARN_DEPRECATED_OBJC_IMPLEMENTATIONS = YES;
				CLANG_WARN_DIRECT_OBJC_ISA_USAGE = YES_ERROR;
				CLANG_WARN_DOCUMENTATION_COMMENTS = YES;
				CLANG_WARN_EMPTY_BODY = YES;
				CLANG_WARN_ENUM_CONVERSION = YES;
				CLANG_WARN_INFINITE_RECURSION = YES;
				CLANG_WARN_INT_CONVERSION = YES;
				CLANG_WARN_NON_LITERAL_NULL_CONVERSION = YES;
				CLANG_WARN_OBJC_IMPLICIT_RETAIN_SELF = YES;
				CLANG_WARN_OBJC_LITERAL_CONVERSION = YES;
				CLANG_WARN_OBJC_ROOT_CLASS = YES_ERROR;
				CLANG_WARN_QUOTED_INCLUDE_IN_FRAMEWORK_HEADER = YES;
				CLANG_WARN_RANGE_LOOP_ANALYSIS = YES;
				CLANG_WARN_STRICT_PROTOTYPES = YES;
				CLANG_WARN_SUSPICIOUS_MOVE = YES;
				CLANG_WARN_UNGUARDED_AVAILABILITY = YES_AGGRESSIVE;
				CLANG_WARN_UNREACHABLE_CODE = YES;
				CLANG_WARN__DUPLICATE_METHOD_MATCH = YES;
				COPY_PHASE_STRIP = NO;
				DEBUG_INFORMATION_FORMAT = dwarf;
				ENABLE_STRICT_OBJC_MSGSEND = YES;
				ENABLE_TESTABILITY = YES;
				GCC_C_LANGUAGE_STANDARD = gnu11;
				GCC_DYNAMIC_NO_PIC = NO;
				GCC_NO_COMMON_BLOCKS = YES;
				GCC_OPTIMIZATION_LEVEL = 0;
				GCC_PREPROCESSOR_DEFINITIONS = (
					"DEBUG=1",
					"$(inherited)",
				);
				GCC_WARN_64_TO_32_BIT_CONVERSION = YES;
				GCC_WARN_ABOUT_RETURN_TYPE = YES_ERROR;
				GCC_WARN_UNDECLARED_SELECTOR = YES;
				GCC_WARN_UNINITIALIZED_AUTOS = YES_AGGRESSIVE;
				GCC_WARN_UNUSED_FUNCTION = YES;
				GCC_WARN_UNUSED_VARIABLE = YES;
				IPHONEOS_DEPLOYMENT_TARGET = 14.5;
				MTL_ENABLE_DEBUG_INFO = INCLUDE_SOURCE;
				MTL_FAST_MATH = YES;
				ONLY_ACTIVE_ARCH = YES;
				SDKROOT = iphoneos;
				SWIFT_ACTIVE_COMPILATION_CONDITIONS = DEBUG;
				SWIFT_OPTIMIZATION_LEVEL = "-Onone";
			};
			name = Debug;
		};
		15B664FB27759E04006AE563 /* Release */ = {
			isa = XCBuildConfiguration;
			buildSettings = {
				ALWAYS_SEARCH_USER_PATHS = NO;
				CLANG_ANALYZER_NONNULL = YES;
				CLANG_ANALYZER_NUMBER_OBJECT_CONVERSION = YES_AGGRESSIVE;
				CLANG_CXX_LANGUAGE_STANDARD = "gnu++14";
				CLANG_CXX_LIBRARY = "libc++";
				CLANG_ENABLE_MODULES = YES;
				CLANG_ENABLE_OBJC_ARC = YES;
				CLANG_ENABLE_OBJC_WEAK = YES;
				CLANG_WARN_BLOCK_CAPTURE_AUTORELEASING = YES;
				CLANG_WARN_BOOL_CONVERSION = YES;
				CLANG_WARN_COMMA = YES;
				CLANG_WARN_CONSTANT_CONVERSION = YES;
				CLANG_WARN_DEPRECATED_OBJC_IMPLEMENTATIONS = YES;
				CLANG_WARN_DIRECT_OBJC_ISA_USAGE = YES_ERROR;
				CLANG_WARN_DOCUMENTATION_COMMENTS = YES;
				CLANG_WARN_EMPTY_BODY = YES;
				CLANG_WARN_ENUM_CONVERSION = YES;
				CLANG_WARN_INFINITE_RECURSION = YES;
				CLANG_WARN_INT_CONVERSION = YES;
				CLANG_WARN_NON_LITERAL_NULL_CONVERSION = YES;
				CLANG_WARN_OBJC_IMPLICIT_RETAIN_SELF = YES;
				CLANG_WARN_OBJC_LITERAL_CONVERSION = YES;
				CLANG_WARN_OBJC_ROOT_CLASS = YES_ERROR;
				CLANG_WARN_QUOTED_INCLUDE_IN_FRAMEWORK_HEADER = YES;
				CLANG_WARN_RANGE_LOOP_ANALYSIS = YES;
				CLANG_WARN_STRICT_PROTOTYPES = YES;
				CLANG_WARN_SUSPICIOUS_MOVE = YES;
				CLANG_WARN_UNGUARDED_AVAILABILITY = YES_AGGRESSIVE;
				CLANG_WARN_UNREACHABLE_CODE = YES;
				CLANG_WARN__DUPLICATE_METHOD_MATCH = YES;
				COPY_PHASE_STRIP = NO;
				DEBUG_INFORMATION_FORMAT = "dwarf-with-dsym";
				ENABLE_NS_ASSERTIONS = NO;
				ENABLE_STRICT_OBJC_MSGSEND = YES;
				GCC_C_LANGUAGE_STANDARD = gnu11;
				GCC_NO_COMMON_BLOCKS = YES;
				GCC_WARN_64_TO_32_BIT_CONVERSION = YES;
				GCC_WARN_ABOUT_RETURN_TYPE = YES_ERROR;
				GCC_WARN_UNDECLARED_SELECTOR = YES;
				GCC_WARN_UNINITIALIZED_AUTOS = YES_AGGRESSIVE;
				GCC_WARN_UNUSED_FUNCTION = YES;
				GCC_WARN_UNUSED_VARIABLE = YES;
				IPHONEOS_DEPLOYMENT_TARGET = 14.5;
				MTL_ENABLE_DEBUG_INFO = NO;
				MTL_FAST_MATH = YES;
				SDKROOT = iphoneos;
				SWIFT_COMPILATION_MODE = wholemodule;
				SWIFT_OPTIMIZATION_LEVEL = "-O";
				VALIDATE_PRODUCT = YES;
			};
			name = Release;
		};
		15B664FD27759E04006AE563 /* Debug */ = {
			isa = XCBuildConfiguration;
			buildSettings = {
				ASSETCATALOG_COMPILER_APPICON_NAME = AppIcon;
				ASSETCATALOG_COMPILER_GLOBAL_ACCENT_COLOR_NAME = AccentColor;
				CODE_SIGN_STYLE = Automatic;
				DEVELOPMENT_TEAM = WM2J5647TH;
				INFOPLIST_FILE = test/Info.plist;
				LD_RUNPATH_SEARCH_PATHS = (
					"$(inherited)",
					"@executable_path/Frameworks",
				);
				PRODUCT_BUNDLE_IDENTIFIER = SergeyKuznetsov.test;
				PRODUCT_NAME = "$(TARGET_NAME)";
				SWIFT_VERSION = 5.0;
				TARGETED_DEVICE_FAMILY = "1,2";
			};
			name = Debug;
		};
		15B664FE27759E04006AE563 /* Release */ = {
			isa = XCBuildConfiguration;
			buildSettings = {
				ASSETCATALOG_COMPILER_APPICON_NAME = AppIcon;
				ASSETCATALOG_COMPILER_GLOBAL_ACCENT_COLOR_NAME = AccentColor;
				CODE_SIGN_STYLE = Automatic;
				DEVELOPMENT_TEAM = WM2J5647TH;
				INFOPLIST_FILE = test/Info.plist;
				LD_RUNPATH_SEARCH_PATHS = (
					"$(inherited)",
					"@executable_path/Frameworks",
				);
				PRODUCT_BUNDLE_IDENTIFIER = SergeyKuznetsov.test;
				PRODUCT_NAME = "$(TARGET_NAME)";
				SWIFT_VERSION = 5.0;
				TARGETED_DEVICE_FAMILY = "1,2";
			};
			name = Release;
		};
/* End XCBuildConfiguration section */

/* Begin XCConfigurationList section */
		15B664E027759E02006AE563 /* Build configuration list for PBXProject "test" */ = {
			isa = XCConfigurationList;
			buildConfigurations = (
				15B664FA27759E04006AE563 /* Debug */,
				15B664FB27759E04006AE563 /* Release */,
			);
			defaultConfigurationIsVisible = 0;
			defaultConfigurationName = Release;
		};
		15B664FC27759E04006AE563 /* Build configuration list for PBXNativeTarget "test" */ = {
			isa = XCConfigurationList;
			buildConfigurations = (
				15B664FD27759E04006AE563 /* Debug */,
				15B664FE27759E04006AE563 /* Release */,
			);
			defaultConfigurationIsVisible = 0;
			defaultConfigurationName = Release;
		};
/* End XCConfigurationList section */

/* Begin XCVersionGroup section */
		15B664F127759E02006AE563 /* test.xcdatamodeld */ = {
			isa = XCVersionGroup;
			children = (
				15B664F227759E02006AE563 /* test.xcdatamodel */,
			);
			currentVersion = 15B664F227759E02006AE563 /* test.xcdatamodel */;
			path = test.xcdatamodeld;
			sourceTree = "<group>";
			versionGroupType = wrapper.xcdatamodel;
		};
/* End XCVersionGroup section */
	};
	rootObject = 15B664DD27759E02006AE563 /* Project object */;
}
